{
    "_meta": {
        "hash": {
            "sha256": "70161122ea25c558a0d62b29ee83bb33239499b1c10ced1e791c4e700bdd75c9"
        },
        "pipfile-spec": 6,
        "requires": {
            "python_version": "3.10"
        },
        "sources": [
            {
                "name": "pypi",
                "url": "https://pypi.org/simple",
                "verify_ssl": true
            }
        ]
    },
    "default": {
        "babel": {
            "hashes": [
                "sha256:368b5b98b37c06b7daf6696391c3240c938b37767d4584413e8438c5c435fa8b",
                "sha256:d1f3554ca26605fe173f3de0c65f750f5a42f924499bf134de6423582298e316"
            ],
            "index": "pypi",
            "markers": "python_version >= '3.8'",
            "version": "==2.16.0"
        }
    },
    "develop": {}
}
